
Microsoft Visual Studio Solution File, Format Version 12.00
# Visual Studio Version 16
VisualStudioVersion = 16.0.31424.327
MinimumVisualStudioVersion = 10.0.40219.1
Project("{FAE04EC0-301F-11D3-BF4B-00C04F79EFBC}") = "Yasharp", "Yasharp.csproj", "{286B63C9-E136-4D7F-9071-419D1288AEA4}"
EndProject
Project("{54435603-DBB4-11D2-8724-00A0C9A8B90C}") = "Setup", "..\Setup\Setup.vdproj", "{24641C29-D7AA-4163-8F17-3B30BF541921}"
EndProject
Global
	GlobalSection(SolutionConfigurationPlatforms) = preSolution
		Debug|Any CPU = Debug|Any CPU
		Release|Any CPU = Release|Any CPU
	EndGlobalSection
	GlobalSection(ProjectConfigurationPlatforms) = postSolution
		{286B63C9-E136-4D7F-9071-419D1288AEA4}.Debug|Any CPU.ActiveCfg = Debug|Any CPU
		{286B63C9-E136-4D7F-9071-419D1288AEA4}.Debug|Any CPU.Build.0 = Debug|Any CPU
		{286B63C9-E136-4D7F-9071-419D1288AEA4}.Release|Any CPU.ActiveCfg = Release|Any CPU
		{286B63C9-E136-4D7F-9071-419D1288AEA4}.Release|Any CPU.Build.0 = Release|Any CPU
		{24641C29-D7AA-4163-8F17-3B30BF541921}.Debug|Any CPU.ActiveCfg = Debug
		{24641C29-D7AA-4163-8F17-3B30BF541921}.Release|Any CPU.ActiveCfg = Release
	EndGlobalSection
	GlobalSection(SolutionProperties) = preSolution
		HideSolutionNode = FALSE
	EndGlobalSection
	GlobalSection(ExtensibilityGlobals) = postSolution
		SolutionGuid = {11F77E5A-0A63-411B-99CC-2D5248F1889F}
	EndGlobalSection
EndGlobal
